// !$*UTF8*$!
{
	archiveVersion = 1;
	classes = {
	};
	objectVersion = 56;
	objects = {

/* Begin PBXBuildFile section */
		1C0EA6BE29641E6C0003C923 /* TextCell.swift in Sources */ = {isa = PBXBuildFile; fileRef = 1C0EA6BD29641E6B0003C923 /* TextCell.swift */; };
		1C0F468D2963E9E6007E3778 /* AppDelegate.swift in Sources */ = {isa = PBXBuildFile; fileRef = 1C0F468C2963E9E6007E3778 /* AppDelegate.swift */; };
		1C0F468F2963E9E6007E3778 /* SceneDelegate.swift in Sources */ = {isa = PBXBuildFile; fileRef = 1C0F468E2963E9E6007E3778 /* SceneDelegate.swift */; };
		1C0F46962963E9EA007E3778 /* Assets.xcassets in Resources */ = {isa = PBXBuildFile; fileRef = 1C0F46952963E9EA007E3778 /* Assets.xcassets */; };
		1C0F46992963E9EA007E3778 /* LaunchScreen.storyboard in Resources */ = {isa = PBXBuildFile; fileRef = 1C0F46972963E9EA007E3778 /* LaunchScreen.storyboard */; };
		1C0F46A12963EC72007E3778 /* CollectionViewList.storyboard in Resources */ = {isa = PBXBuildFile; fileRef = 1C0F46A02963EC72007E3778 /* CollectionViewList.storyboard */; };
		1C0F46A32963ED35007E3778 /* CollectionViewListViewController.swift in Sources */ = {isa = PBXBuildFile; fileRef = 1C0F46A22963ED35007E3778 /* CollectionViewListViewController.swift */; };
		1C0F46A729640FBE007E3778 /* DistinctSectionsViewController.swift in Sources */ = {isa = PBXBuildFile; fileRef = 1C0F46A629640FBE007E3778 /* DistinctSectionsViewController.swift */; };
		1CA8B370296412A700A71C7E /* DistinctSections.storyboard in Resources */ = {isa = PBXBuildFile; fileRef = 1CA8B36F296412A700A71C7E /* DistinctSections.storyboard */; };
		1CA8B38329641A6A00A71C7E /* TextCollectionViewCell.swift in Sources */ = {isa = PBXBuildFile; fileRef = 1CA8B38129641A6A00A71C7E /* TextCollectionViewCell.swift */; };
		1CA8B38429641A6A00A71C7E /* TextCollectionViewCell.xib in Resources */ = {isa = PBXBuildFile; fileRef = 1CA8B38229641A6A00A71C7E /* TextCollectionViewCell.xib */; };
/* End PBXBuildFile section */

/* Begin PBXFileReference section */
		1C0EA6BD29641E6B0003C923 /* TextCell.swift */ = {isa = PBXFileReference; lastKnownFileType = sourcecode.swift; path = TextCell.swift; sourceTree = "<group>"; };
		1C0F46892963E9E6007E3778 /* SampleCompositionalLayout.app */ = {isa = PBXFileReference; explicitFileType = wrapper.application; includeInIndex = 0; path = SampleCompositionalLayout.app; sourceTree = BUILT_PRODUCTS_DIR; };
		1C0F468C2963E9E6007E3778 /* AppDelegate.swift */ = {isa = PBXFileReference; lastKnownFileType = sourcecode.swift; path = AppDelegate.swift; sourceTree = "<group>"; };
		1C0F468E2963E9E6007E3778 /* SceneDelegate.swift */ = {isa = PBXFileReference; lastKnownFileType = sourcecode.swift; path = SceneDelegate.swift; sourceTree = "<group>"; };
		1C0F46952963E9EA007E3778 /* Assets.xcassets */ = {isa = PBXFileReference; lastKnownFileType = folder.assetcatalog; path = Assets.xcassets; sourceTree = "<group>"; };
		1C0F46982963E9EA007E3778 /* Base */ = {isa = PBXFileReference; lastKnownFileType = file.storyboard; name = Base; path = Base.lproj/LaunchScreen.storyboard; sourceTree = "<group>"; };
		1C0F469A2963E9EA007E3778 /* Info.plist */ = {isa = PBXFileReference; lastKnownFileType = text.plist.xml; path = Info.plist; sourceTree = "<group>"; };
		1C0F46A02963EC72007E3778 /* CollectionViewList.storyboard */ = {isa = PBXFileReference; lastKnownFileType = file.storyboard; path = CollectionViewList.storyboard; sourceTree = "<group>"; };
		1C0F46A22963ED35007E3778 /* CollectionViewListViewController.swift */ = {isa = PBXFileReference; lastKnownFileType = sourcecode.swift; path = CollectionViewListViewController.swift; sourceTree = "<group>"; };
		1C0F46A629640FBE007E3778 /* DistinctSectionsViewController.swift */ = {isa = PBXFileReference; lastKnownFileType = sourcecode.swift; path = DistinctSectionsViewController.swift; sourceTree = "<group>"; };
		1CA8B36F296412A700A71C7E /* DistinctSections.storyboard */ = {isa = PBXFileReference; fileEncoding = 4; lastKnownFileType = file.storyboard; path = DistinctSections.storyboard; sourceTree = "<group>"; };
		1CA8B38129641A6A00A71C7E /* TextCollectionViewCell.swift */ = {isa = PBXFileReference; lastKnownFileType = sourcecode.swift; path = TextCollectionViewCell.swift; sourceTree = "<group>"; };
		1CA8B38229641A6A00A71C7E /* TextCollectionViewCell.xib */ = {isa = PBXFileReference; lastKnownFileType = file.xib; path = TextCollectionViewCell.xib; sourceTree = "<group>"; };
/* End PBXFileReference section */

/* Begin PBXFrameworksBuildPhase section */
		1C0F46862963E9E6007E3778 /* Frameworks */ = {
			isa = PBXFrameworksBuildPhase;
			buildActionMask = 2147483647;
			files = (
			);
			runOnlyForDeploymentPostprocessing = 0;
		};
/* End PBXFrameworksBuildPhase section */

/* Begin PBXGroup section */
		1C0F46802963E9E6007E3778 = {
			isa = PBXGroup;
			children = (
				1C0F468B2963E9E6007E3778 /* SampleCompositionalLayout */,
				1C0F468A2963E9E6007E3778 /* Products */,
			);
			sourceTree = "<group>";
		};
		1C0F468A2963E9E6007E3778 /* Products */ = {
			isa = PBXGroup;
			children = (
				1C0F46892963E9E6007E3778 /* SampleCompositionalLayout.app */,
			);
			name = Products;
			sourceTree = "<group>";
		};
		1C0F468B2963E9E6007E3778 /* SampleCompositionalLayout */ = {
			isa = PBXGroup;
			children = (
				1C0F468C2963E9E6007E3778 /* AppDelegate.swift */,
				1C0F468E2963E9E6007E3778 /* SceneDelegate.swift */,
				1C0F46A8296411C4007E3778 /* DistinctSections */,
				1C0F46A22963ED35007E3778 /* CollectionViewListViewController.swift */,
				1C0F46A02963EC72007E3778 /* CollectionViewList.storyboard */,
				1C0F46952963E9EA007E3778 /* Assets.xcassets */,
				1C0F46972963E9EA007E3778 /* LaunchScreen.storyboard */,
				1C0F469A2963E9EA007E3778 /* Info.plist */,
			);
			path = SampleCompositionalLayout;
			sourceTree = "<group>";
		};
		1C0F46A8296411C4007E3778 /* DistinctSections */ = {
			isa = PBXGroup;
			children = (
				1C0F46A9296411CC007E3778 /* Views */,
				1CA8B372296412C500A71C7E /* Controllers */,
			);
			path = DistinctSections;
			sourceTree = "<group>";
		};
		1C0F46A9296411CC007E3778 /* Views */ = {
			isa = PBXGroup;
			children = (
				1CA8B36F296412A700A71C7E /* DistinctSections.storyboard */,
				1CA8B371296412B800A71C7E /* Cells */,
			);
			path = Views;
			sourceTree = "<group>";
		};
		1CA8B371296412B800A71C7E /* Cells */ = {
			isa = PBXGroup;
			children = (
				1C0EA6BD29641E6B0003C923 /* TextCell.swift */,
				1CA8B38129641A6A00A71C7E /* TextCollectionViewCell.swift */,
				1CA8B38229641A6A00A71C7E /* TextCollectionViewCell.xib */,
			);
			path = Cells;
			sourceTree = "<group>";
		};
		1CA8B372296412C500A71C7E /* Controllers */ = {
			isa = PBXGroup;
			children = (
				1C0F46A629640FBE007E3778 /* DistinctSectionsViewController.swift */,
			);
			path = Controllers;
			sourceTree = "<group>";
		};
/* End PBXGroup section */

/* Begin PBXNativeTarget section */
		1C0F46882963E9E6007E3778 /* SampleCompositionalLayout */ = {
			isa = PBXNativeTarget;
			buildConfigurationList = 1C0F469D2963E9EA007E3778 /* Build configuration list for PBXNativeTarget "SampleCompositionalLayout" */;
			buildPhases = (
				1C0F46852963E9E6007E3778 /* Sources */,
				1C0F46862963E9E6007E3778 /* Frameworks */,
				1C0F46872963E9E6007E3778 /* Resources */,
			);
			buildRules = (
			);
			dependencies = (
			);
			name = SampleCompositionalLayout;
			productName = SampleCompositionalLayout;
			productReference = 1C0F46892963E9E6007E3778 /* SampleCompositionalLayout.app */;
			productType = "com.apple.product-type.application";
		};
/* End PBXNativeTarget section */

/* Begin PBXProject section */
		1C0F46812963E9E6007E3778 /* Project object */ = {
			isa = PBXProject;
			attributes = {
				BuildIndependentTargetsInParallel = 1;
				LastSwiftUpdateCheck = 1420;
				LastUpgradeCheck = 1420;
				TargetAttributes = {
					1C0F46882963E9E6007E3778 = {
						CreatedOnToolsVersion = 14.2;
					};
				};
			};
			buildConfigurationList = 1C0F46842963E9E6007E3778 /* Build configuration list for PBXProject "SampleCompositionalLayout" */;
			compatibilityVersion = "Xcode 14.0";
			developmentRegion = en;
			hasScannedForEncodings = 0;
			knownRegions = (
				en,
				Base,
			);
			mainGroup = 1C0F46802963E9E6007E3778;
			productRefGroup = 1C0F468A2963E9E6007E3778 /* Products */;
			projectDirPath = "";
			projectRoot = "";
			targets = (
				1C0F46882963E9E6007E3778 /* SampleCompositionalLayout */,
			);
		};
/* End PBXProject section */

/* Begin PBXResourcesBuildPhase section */
		1C0F46872963E9E6007E3778 /* Resources */ = {
			isa = PBXResourcesBuildPhase;
			buildActionMask = 2147483647;
			files = (
				1CA8B38429641A6A00A71C7E /* TextCollectionViewCell.xib in Resources */,
				1C0F46992963E9EA007E3778 /* LaunchScreen.storyboard in Resources */,
				1C0F46962963E9EA007E3778 /* Assets.xcassets in Resources */,
				1C0F46A12963EC72007E3778 /* CollectionViewList.storyboard in Resources */,
				1CA8B370296412A700A71C7E /* DistinctSections.storyboard in Resources */,
			);
			runOnlyForDeploymentPostprocessing = 0;
		};
/* End PBXResourcesBuildPhase section */

/* Begin PBXSourcesBuildPhase section */
		1C0F46852963E9E6007E3778 /* Sources */ = {
			isa = PBXSourcesBuildPhase;
			buildActionMask = 2147483647;
			files = (
				1CA8B38329641A6A00A71C7E /* TextCollectionViewCell.swift in Sources */,
				1C0F46A729640FBE007E3778 /* DistinctSectionsViewController.swift in Sources */,
				1C0F46A32963ED35007E3778 /* CollectionViewListViewController.swift in Sources */,
				1C0F468D2963E9E6007E3778 /* AppDelegate.swift in Sources */,
				1C0EA6BE29641E6C0003C923 /* TextCell.swift in Sources */,
				1C0F468F2963E9E6007E3778 /* SceneDelegate.swift in Sources */,
			);
			runOnlyForDeploymentPostprocessing = 0;
		};
/* End PBXSourcesBuildPhase section */

/* Begin PBXVariantGroup section */
		1C0F46972963E9EA007E3778 /* LaunchScreen.storyboard */ = {
			isa = PBXVariantGroup;
			children = (
				1C0F46982963E9EA007E3778 /* Base */,
			);
			name = LaunchScreen.storyboard;
			sourceTree = "<group>";
		};
/* End PBXVariantGroup section */

/* Begin XCBuildConfiguration section */
		1C0F469B2963E9EA007E3778 /* Debug */ = {
			isa = XCBuildConfiguration;
			buildSettings = {
				ALWAYS_SEARCH_USER_PATHS = NO;
				CLANG_ANALYZER_NONNULL = YES;
				CLANG_ANALYZER_NUMBER_OBJECT_CONVERSION = YES_AGGRESSIVE;
				CLANG_CXX_LANGUAGE_STANDARD = "gnu++20";
				CLANG_ENABLE_MODULES = YES;
				CLANG_ENABLE_OBJC_ARC = YES;
				CLANG_ENABLE_OBJC_WEAK = YES;
				CLANG_WARN_BLOCK_CAPTURE_AUTORELEASING = YES;
				CLANG_WARN_BOOL_CONVERSION = YES;
				CLANG_WARN_COMMA = YES;
				CLANG_WARN_CONSTANT_CONVERSION = YES;
				CLANG_WARN_DEPRECATED_OBJC_IMPLEMENTATIONS = YES;
				CLANG_WARN_DIRECT_OBJC_ISA_USAGE = YES_ERROR;
				CLANG_WARN_DOCUMENTATION_COMMENTS = YES;
				CLANG_WARN_EMPTY_BODY = YES;
				CLANG_WARN_ENUM_CONVERSION = YES;
				CLANG_WARN_INFINITE_RECURSION = YES;
				CLANG_WARN_INT_CONVERSION = YES;
				CLANG_WARN_NON_LITERAL_NULL_CONVERSION = YES;
				CLANG_WARN_OBJC_IMPLICIT_RETAIN_SELF = YES;
				CLANG_WARN_OBJC_LITERAL_CONVERSION = YES;
				CLANG_WARN_OBJC_ROOT_CLASS = YES_ERROR;
				CLANG_WARN_QUOTED_INCLUDE_IN_FRAMEWORK_HEADER = YES;
				CLANG_WARN_RANGE_LOOP_ANALYSIS = YES;
				CLANG_WARN_STRICT_PROTOTYPES = YES;
				CLANG_WARN_SUSPICIOUS_MOVE = YES;
				CLANG_WARN_UNGUARDED_AVAILABILITY = YES_AGGRESSIVE;
				CLANG_WARN_UNREACHABLE_CODE = YES;
				CLANG_WARN__DUPLICATE_METHOD_MATCH = YES;
				COPY_PHASE_STRIP = NO;
				DEBUG_INFORMATION_FORMAT = dwarf;
				ENABLE_STRICT_OBJC_MSGSEND = YES;
				ENABLE_TESTABILITY = YES;
				GCC_C_LANGUAGE_STANDARD = gnu11;
				GCC_DYNAMIC_NO_PIC = NO;
				GCC_NO_COMMON_BLOCKS = YES;
				GCC_OPTIMIZATION_LEVEL = 0;
				GCC_PREPROCESSOR_DEFINITIONS = (
					"DEBUG=1",
					"$(inherited)",
				);
				GCC_WARN_64_TO_32_BIT_CONVERSION = YES;
				GCC_WARN_ABOUT_RETURN_TYPE = YES_ERROR;
				GCC_WARN_UNDECLARED_SELECTOR = YES;
				GCC_WARN_UNINITIALIZED_AUTOS = YES_AGGRESSIVE;
				GCC_WARN_UNUSED_FUNCTION = YES;
				GCC_WARN_UNUSED_VARIABLE = YES;
				IPHONEOS_DEPLOYMENT_TARGET = 16.2;
				MTL_ENABLE_DEBUG_INFO = INCLUDE_SOURCE;
				MTL_FAST_MATH = YES;
				ONLY_ACTIVE_ARCH = YES;
				SDKROOT = iphoneos;
				SWIFT_ACTIVE_COMPILATION_CONDITIONS = DEBUG;
				SWIFT_OPTIMIZATION_LEVEL = "-Onone";
			};
			name = Debug;
		};
		1C0F469C2963E9EA007E3778 /* Release */ = {
			isa = XCBuildConfiguration;
			buildSettings = {
				ALWAYS_SEARCH_USER_PATHS = NO;
				CLANG_ANALYZER_NONNULL = YES;
				CLANG_ANALYZER_NUMBER_OBJECT_CONVERSION = YES_AGGRESSIVE;
				CLANG_CXX_LANGUAGE_STANDARD = "gnu++20";
				CLANG_ENABLE_MODULES = YES;
				CLANG_ENABLE_OBJC_ARC = YES;
				CLANG_ENABLE_OBJC_WEAK = YES;
				CLANG_WARN_BLOCK_CAPTURE_AUTORELEASING = YES;
				CLANG_WARN_BOOL_CONVERSION = YES;
				CLANG_WARN_COMMA = YES;
				CLANG_WARN_CONSTANT_CONVERSION = YES;
				CLANG_WARN_DEPRECATED_OBJC_IMPLEMENTATIONS = YES;
				CLANG_WARN_DIRECT_OBJC_ISA_USAGE = YES_ERROR;
				CLANG_WARN_DOCUMENTATION_COMMENTS = YES;
				CLANG_WARN_EMPTY_BODY = YES;
				CLANG_WARN_ENUM_CONVERSION = YES;
				CLANG_WARN_INFINITE_RECURSION = YES;
				CLANG_WARN_INT_CONVERSION = YES;
				CLANG_WARN_NON_LITERAL_NULL_CONVERSION = YES;
				CLANG_WARN_OBJC_IMPLICIT_RETAIN_SELF = YES;
				CLANG_WARN_OBJC_LITERAL_CONVERSION = YES;
				CLANG_WARN_OBJC_ROOT_CLASS = YES_ERROR;
				CLANG_WARN_QUOTED_INCLUDE_IN_FRAMEWORK_HEADER = YES;
				CLANG_WARN_RANGE_LOOP_ANALYSIS = YES;
				CLANG_WARN_STRICT_PROTOTYPES = YES;
				CLANG_WARN_SUSPICIOUS_MOVE = YES;
				CLANG_WARN_UNGUARDED_AVAILABILITY = YES_AGGRESSIVE;
				CLANG_WARN_UNREACHABLE_CODE = YES;
				CLANG_WARN__DUPLICATE_METHOD_MATCH = YES;
				COPY_PHASE_STRIP = NO;
				DEBUG_INFORMATION_FORMAT = "dwarf-with-dsym";
				ENABLE_NS_ASSERTIONS = NO;
				ENABLE_STRICT_OBJC_MSGSEND = YES;
				GCC_C_LANGUAGE_STANDARD = gnu11;
				GCC_NO_COMMON_BLOCKS = YES;
				GCC_WARN_64_TO_32_BIT_CONVERSION = YES;
				GCC_WARN_ABOUT_RETURN_TYPE = YES_ERROR;
				GCC_WARN_UNDECLARED_SELECTOR = YES;
				GCC_WARN_UNINITIALIZED_AUTOS = YES_AGGRESSIVE;
				GCC_WARN_UNUSED_FUNCTION = YES;
				GCC_WARN_UNUSED_VARIABLE = YES;
				IPHONEOS_DEPLOYMENT_TARGET = 16.2;
				MTL_ENABLE_DEBUG_INFO = NO;
				MTL_FAST_MATH = YES;
				SDKROOT = iphoneos;
				SWIFT_COMPILATION_MODE = wholemodule;
				SWIFT_OPTIMIZATION_LEVEL = "-O";
				VALIDATE_PRODUCT = YES;
			};
			name = Release;
		};
		1C0F469E2963E9EA007E3778 /* Debug */ = {
			isa = XCBuildConfiguration;
			buildSettings = {
				ASSETCATALOG_COMPILER_APPICON_NAME = AppIcon;
				ASSETCATALOG_COMPILER_GLOBAL_ACCENT_COLOR_NAME = AccentColor;
				CODE_SIGN_STYLE = Automatic;
				CURRENT_PROJECT_VERSION = 1;
				DEVELOPMENT_TEAM = WY23RUM8JH;
				GENERATE_INFOPLIST_FILE = YES;
				INFOPLIST_FILE = SampleCompositionalLayout/Info.plist;
				INFOPLIST_KEY_UIApplicationSupportsIndirectInputEvents = YES;
				INFOPLIST_KEY_UILaunchStoryboardName = LaunchScreen;
				INFOPLIST_KEY_UISupportedInterfaceOrientations_iPad = "UIInterfaceOrientationPortrait UIInterfaceOrientationPortraitUpsideDown UIInterfaceOrientationLandscapeLeft UIInterfaceOrientationLandscapeRight";
				INFOPLIST_KEY_UISupportedInterfaceOrientations_iPhone = "UIInterfaceOrientationPortrait UIInterfaceOrientationLandscapeLeft UIInterfaceOrientationLandscapeRight";
				LD_RUNPATH_SEARCH_PATHS = (
					"$(inherited)",
					"@executable_path/Frameworks",
				);
				MARKETING_VERSION = 1.0;
				PRODUCT_BUNDLE_IDENTIFIER = com.otoufujohnny.SampleCompositionalLayout;
				PRODUCT_NAME = "$(TARGET_NAME)";
				SWIFT_EMIT_LOC_STRINGS = YES;
				SWIFT_VERSION = 5.0;
				TARGETED_DEVICE_FAMILY = "1,2";
			};
			name = Debug;
		};
		1C0F469F2963E9EA007E3778 /* Release */ = {
			isa = XCBuildConfiguration;
			buildSettings = {
				ASSETCATALOG_COMPILER_APPICON_NAME = AppIcon;
				ASSETCATALOG_COMPILER_GLOBAL_ACCENT_COLOR_NAME = AccentColor;
				CODE_SIGN_STYLE = Automatic;
				CURRENT_PROJECT_VERSION = 1;
				DEVELOPMENT_TEAM = WY23RUM8JH;
				GENERATE_INFOPLIST_FILE = YES;
				INFOPLIST_FILE = SampleCompositionalLayout/Info.plist;
				INFOPLIST_KEY_UIApplicationSupportsIndirectInputEvents = YES;
				INFOPLIST_KEY_UILaunchStoryboardName = LaunchScreen;
				INFOPLIST_KEY_UISupportedInterfaceOrientations_iPad = "UIInterfaceOrientationPortrait UIInterfaceOrientationPortraitUpsideDown UIInterfaceOrientationLandscapeLeft UIInterfaceOrientationLandscapeRight";
				INFOPLIST_KEY_UISupportedInterfaceOrientations_iPhone = "UIInterfaceOrientationPortrait UIInterfaceOrientationLandscapeLeft UIInterfaceOrientationLandscapeRight";
				LD_RUNPATH_SEARCH_PATHS = (
					"$(inherited)",
					"@executable_path/Frameworks",
				);
				MARKETING_VERSION = 1.0;
				PRODUCT_BUNDLE_IDENTIFIER = com.otoufujohnny.SampleCompositionalLayout;
				PRODUCT_NAME = "$(TARGET_NAME)";
				SWIFT_EMIT_LOC_STRINGS = YES;
				SWIFT_VERSION = 5.0;
				TARGETED_DEVICE_FAMILY = "1,2";
			};
			name = Release;
		};
/* End XCBuildConfiguration section */

/* Begin XCConfigurationList section */
		1C0F46842963E9E6007E3778 /* Build configuration list for PBXProject "SampleCompositionalLayout" */ = {
			isa = XCConfigurationList;
			buildConfigurations = (
				1C0F469B2963E9EA007E3778 /* Debug */,
				1C0F469C2963E9EA007E3778 /* Release */,
			);
			defaultConfigurationIsVisible = 0;
			defaultConfigurationName = Release;
		};
		1C0F469D2963E9EA007E3778 /* Build configuration list for PBXNativeTarget "SampleCompositionalLayout" */ = {
			isa = XCConfigurationList;
			buildConfigurations = (
				1C0F469E2963E9EA007E3778 /* Debug */,
				1C0F469F2963E9EA007E3778 /* Release */,
			);
			defaultConfigurationIsVisible = 0;
			defaultConfigurationName = Release;
		};
/* End XCConfigurationList section */
	};
	rootObject = 1C0F46812963E9E6007E3778 /* Project object */;
}
